
Microsoft Visual Studio Solution File, Format Version 12.00
# Visual Studio 2013
VisualStudioVersion = 12.0.31101.0
MinimumVisualStudioVersion = 10.0.40219.1
Project("{FAE04EC0-301F-11D3-BF4B-00C04F79EFBC}") = "RotacionImagenesXNA", "RotacionImagenesXNA\RotacionImagenesXNA\RotacionImagenesXNA.csproj", "{C6D0E683-A834-4960-919D-74FD4F2E5B7A}"
EndProject
Project("{96E2B04D-8817-42C6-938A-82C39BA4D311}") = "RotacionImagenesXNAContent", "RotacionImagenesXNA\RotacionImagenesXNAContent\RotacionImagenesXNAContent.contentproj", "{B1610461-5E27-4CD2-83D7-1053DF87945D}"
EndProject
Global
	GlobalSection(SolutionConfigurationPlatforms) = preSolution
		Debug|x86 = Debug|x86
		Release|x86 = Release|x86
	EndGlobalSection
	GlobalSection(ProjectConfigurationPlatforms) = postSolution
		{C6D0E683-A834-4960-919D-74FD4F2E5B7A}.Debug|x86.ActiveCfg = Debug|x86
		{C6D0E683-A834-4960-919D-74FD4F2E5B7A}.Debug|x86.Build.0 = Debug|x86
		{C6D0E683-A834-4960-919D-74FD4F2E5B7A}.Release|x86.ActiveCfg = Release|x86
		{C6D0E683-A834-4960-919D-74FD4F2E5B7A}.Release|x86.Build.0 = Release|x86
		{B1610461-5E27-4CD2-83D7-1053DF87945D}.Debug|x86.ActiveCfg = Debug|x86
		{B1610461-5E27-4CD2-83D7-1053DF87945D}.Release|x86.ActiveCfg = Release|x86
	EndGlobalSection
	GlobalSection(SolutionProperties) = preSolution
		HideSolutionNode = FALSE
	EndGlobalSection
EndGlobal
